// !$*UTF8*$!
{
	archiveVersion = 1;
	classes = {
	};
	objectVersion = 50;
	objects = {

/* Begin PBXBuildFile section */
		3B7C34DC25933F7F00AC0688 /* Ride_Matching_for_InternsApp.swift in Sources */ = {isa = PBXBuildFile; fileRef = 3B7C34DB25933F7F00AC0688 /* Ride_Matching_for_InternsApp.swift */; };
		3B7C34DE25933F7F00AC0688 /* ContentView.swift in Sources */ = {isa = PBXBuildFile; fileRef = 3B7C34DD25933F7F00AC0688 /* ContentView.swift */; };
		3B7C34E025933F8200AC0688 /* Assets.xcassets in Resources */ = {isa = PBXBuildFile; fileRef = 3B7C34DF25933F8200AC0688 /* Assets.xcassets */; };
		3B7C34E325933F8200AC0688 /* Preview Assets.xcassets in Resources */ = {isa = PBXBuildFile; fileRef = 3B7C34E225933F8200AC0688 /* Preview Assets.xcassets */; };
		3B7C34EC259340B400AC0688 /* Main.storyboard in Resources */ = {isa = PBXBuildFile; fileRef = 3B7C34EB259340B400AC0688 /* Main.storyboard */; };
		3B7C34EF2593410900AC0688 /* View Controller Scene.xib in Resources */ = {isa = PBXBuildFile; fileRef = 3B7C34EE2593410900AC0688 /* View Controller Scene.xib */; };
		3B7C34F92593652000AC0688 /* View Controller Scene2.xib in Resources */ = {isa = PBXBuildFile; fileRef = 3B7C34F82593652000AC0688 /* View Controller Scene2.xib */; };
/* End PBXBuildFile section */

/* Begin PBXFileReference section */
		3B7C34D825933F7F00AC0688 /* Ride Matching for Interns.app */ = {isa = PBXFileReference; explicitFileType = wrapper.application; includeInIndex = 0; path = "Ride Matching for Interns.app"; sourceTree = BUILT_PRODUCTS_DIR; };
		3B7C34DB25933F7F00AC0688 /* Ride_Matching_for_InternsApp.swift */ = {isa = PBXFileReference; lastKnownFileType = sourcecode.swift; path = Ride_Matching_for_InternsApp.swift; sourceTree = "<group>"; };
		3B7C34DD25933F7F00AC0688 /* ContentView.swift */ = {isa = PBXFileReference; lastKnownFileType = sourcecode.swift; path = ContentView.swift; sourceTree = "<group>"; };
		3B7C34DF25933F8200AC0688 /* Assets.xcassets */ = {isa = PBXFileReference; lastKnownFileType = folder.assetcatalog; path = Assets.xcassets; sourceTree = "<group>"; };
		3B7C34E225933F8200AC0688 /* Preview Assets.xcassets */ = {isa = PBXFileReference; lastKnownFileType = folder.assetcatalog; path = "Preview Assets.xcassets"; sourceTree = "<group>"; };
		3B7C34E425933F8200AC0688 /* Info.plist */ = {isa = PBXFileReference; lastKnownFileType = text.plist.xml; path = Info.plist; sourceTree = "<group>"; };
		3B7C34EB259340B400AC0688 /* Main.storyboard */ = {isa = PBXFileReference; lastKnownFileType = file.storyboard; path = Main.storyboard; sourceTree = "<group>"; };
		3B7C34EE2593410900AC0688 /* View Controller Scene.xib */ = {isa = PBXFileReference; lastKnownFileType = file.xib; path = "View Controller Scene.xib"; sourceTree = "<group>"; };
		3B7C34F82593652000AC0688 /* View Controller Scene2.xib */ = {isa = PBXFileReference; lastKnownFileType = file.xib; path = "View Controller Scene2.xib"; sourceTree = "<group>"; };
/* End PBXFileReference section */

/* Begin PBXFrameworksBuildPhase section */
		3B7C34D525933F7F00AC0688 /* Frameworks */ = {
			isa = PBXFrameworksBuildPhase;
			buildActionMask = 2147483647;
			files = (
			);
			runOnlyForDeploymentPostprocessing = 0;
		};
/* End PBXFrameworksBuildPhase section */

/* Begin PBXGroup section */
		3B7C34CF25933F7E00AC0688 = {
			isa = PBXGroup;
			children = (
				3B7C34DA25933F7F00AC0688 /* Ride Matching for Interns */,
				3B7C34D925933F7F00AC0688 /* Products */,
			);
			sourceTree = "<group>";
		};
		3B7C34D925933F7F00AC0688 /* Products */ = {
			isa = PBXGroup;
			children = (
				3B7C34D825933F7F00AC0688 /* Ride Matching for Interns.app */,
			);
			name = Products;
			sourceTree = "<group>";
		};
		3B7C34DA25933F7F00AC0688 /* Ride Matching for Interns */ = {
			isa = PBXGroup;
			children = (
				3B7C34DB25933F7F00AC0688 /* Ride_Matching_for_InternsApp.swift */,
				3B7C34DD25933F7F00AC0688 /* ContentView.swift */,
				3B7C34EB259340B400AC0688 /* Main.storyboard */,
				3B7C34DF25933F8200AC0688 /* Assets.xcassets */,
				3B7C34E425933F8200AC0688 /* Info.plist */,
				3B7C34E125933F8200AC0688 /* Preview Content */,
				3B7C34F82593652000AC0688 /* View Controller Scene2.xib */,
			);
			path = "Ride Matching for Interns";
			sourceTree = "<group>";
		};
		3B7C34E125933F8200AC0688 /* Preview Content */ = {
			isa = PBXGroup;
			children = (
				3B7C34EE2593410900AC0688 /* View Controller Scene.xib */,
				3B7C34E225933F8200AC0688 /* Preview Assets.xcassets */,
			);
			path = "Preview Content";
			sourceTree = "<group>";
		};
/* End PBXGroup section */

/* Begin PBXNativeTarget section */
		3B7C34D725933F7F00AC0688 /* Ride Matching for Interns */ = {
			isa = PBXNativeTarget;
			buildConfigurationList = 3B7C34E725933F8200AC0688 /* Build configuration list for PBXNativeTarget "Ride Matching for Interns" */;
			buildPhases = (
				3B7C34D425933F7F00AC0688 /* Sources */,
				3B7C34D525933F7F00AC0688 /* Frameworks */,
				3B7C34D625933F7F00AC0688 /* Resources */,
			);
			buildRules = (
			);
			dependencies = (
			);
			name = "Ride Matching for Interns";
			productName = "Ride Matching for Interns";
			productReference = 3B7C34D825933F7F00AC0688 /* Ride Matching for Interns.app */;
			productType = "com.apple.product-type.application";
		};
/* End PBXNativeTarget section */

/* Begin PBXProject section */
		3B7C34D025933F7E00AC0688 /* Project object */ = {
			isa = PBXProject;
			attributes = {
				LastSwiftUpdateCheck = 1230;
				LastUpgradeCheck = 1230;
				TargetAttributes = {
					3B7C34D725933F7F00AC0688 = {
						CreatedOnToolsVersion = 12.3;
					};
				};
			};
			buildConfigurationList = 3B7C34D325933F7F00AC0688 /* Build configuration list for PBXProject "Ride Matching for Interns" */;
			compatibilityVersion = "Xcode 9.3";
			developmentRegion = en;
			hasScannedForEncodings = 0;
			knownRegions = (
				en,
				Base,
			);
			mainGroup = 3B7C34CF25933F7E00AC0688;
			productRefGroup = 3B7C34D925933F7F00AC0688 /* Products */;
			projectDirPath = "";
			projectRoot = "";
			targets = (
				3B7C34D725933F7F00AC0688 /* Ride Matching for Interns */,
			);
		};
/* End PBXProject section */

/* Begin PBXResourcesBuildPhase section */
		3B7C34D625933F7F00AC0688 /* Resources */ = {
			isa = PBXResourcesBuildPhase;
			buildActionMask = 2147483647;
			files = (
				3B7C34F92593652000AC0688 /* View Controller Scene2.xib in Resources */,
				3B7C34E325933F8200AC0688 /* Preview Assets.xcassets in Resources */,
				3B7C34E025933F8200AC0688 /* Assets.xcassets in Resources */,
				3B7C34EC259340B400AC0688 /* Main.storyboard in Resources */,
				3B7C34EF2593410900AC0688 /* View Controller Scene.xib in Resources */,
			);
			runOnlyForDeploymentPostprocessing = 0;
		};
/* End PBXResourcesBuildPhase section */

/* Begin PBXSourcesBuildPhase section */
		3B7C34D425933F7F00AC0688 /* Sources */ = {
			isa = PBXSourcesBuildPhase;
			buildActionMask = 2147483647;
			files = (
				3B7C34DE25933F7F00AC0688 /* ContentView.swift in Sources */,
				3B7C34DC25933F7F00AC0688 /* Ride_Matching_for_InternsApp.swift in Sources */,
			);
			runOnlyForDeploymentPostprocessing = 0;
		};
/* End PBXSourcesBuildPhase section */

/* Begin XCBuildConfiguration section */
		3B7C34E525933F8200AC0688 /* Debug */ = {
			isa = XCBuildConfiguration;
			buildSettings = {
				ALWAYS_SEARCH_USER_PATHS = NO;
				CLANG_ANALYZER_NONNULL = YES;
				CLANG_ANALYZER_NUMBER_OBJECT_CONVERSION = YES_AGGRESSIVE;
				CLANG_CXX_LANGUAGE_STANDARD = "gnu++14";
				CLANG_CXX_LIBRARY = "libc++";
				CLANG_ENABLE_MODULES = YES;
				CLANG_ENABLE_OBJC_ARC = YES;
				CLANG_ENABLE_OBJC_WEAK = YES;
				CLANG_WARN_BLOCK_CAPTURE_AUTORELEASING = YES;
				CLANG_WARN_BOOL_CONVERSION = YES;
				CLANG_WARN_COMMA = YES;
				CLANG_WARN_CONSTANT_CONVERSION = YES;
				CLANG_WARN_DEPRECATED_OBJC_IMPLEMENTATIONS = YES;
				CLANG_WARN_DIRECT_OBJC_ISA_USAGE = YES_ERROR;
				CLANG_WARN_DOCUMENTATION_COMMENTS = YES;
				CLANG_WARN_EMPTY_BODY = YES;
				CLANG_WARN_ENUM_CONVERSION = YES;
				CLANG_WARN_INFINITE_RECURSION = YES;
				CLANG_WARN_INT_CONVERSION = YES;
				CLANG_WARN_NON_LITERAL_NULL_CONVERSION = YES;
				CLANG_WARN_OBJC_IMPLICIT_RETAIN_SELF = YES;
				CLANG_WARN_OBJC_LITERAL_CONVERSION = YES;
				CLANG_WARN_OBJC_ROOT_CLASS = YES_ERROR;
				CLANG_WARN_QUOTED_INCLUDE_IN_FRAMEWORK_HEADER = YES;
				CLANG_WARN_RANGE_LOOP_ANALYSIS = YES;
				CLANG_WARN_STRICT_PROTOTYPES = YES;
				CLANG_WARN_SUSPICIOUS_MOVE = YES;
				CLANG_WARN_UNGUARDED_AVAILABILITY = YES_AGGRESSIVE;
				CLANG_WARN_UNREACHABLE_CODE = YES;
				CLANG_WARN__DUPLICATE_METHOD_MATCH = YES;
				COPY_PHASE_STRIP = NO;
				DEBUG_INFORMATION_FORMAT = dwarf;
				ENABLE_STRICT_OBJC_MSGSEND = YES;
				ENABLE_TESTABILITY = YES;
				GCC_C_LANGUAGE_STANDARD = gnu11;
				GCC_DYNAMIC_NO_PIC = NO;
				GCC_NO_COMMON_BLOCKS = YES;
				GCC_OPTIMIZATION_LEVEL = 0;
				GCC_PREPROCESSOR_DEFINITIONS = (
					"DEBUG=1",
					"$(inherited)",
				);
				GCC_WARN_64_TO_32_BIT_CONVERSION = YES;
				GCC_WARN_ABOUT_RETURN_TYPE = YES_ERROR;
				GCC_WARN_UNDECLARED_SELECTOR = YES;
				GCC_WARN_UNINITIALIZED_AUTOS = YES_AGGRESSIVE;
				GCC_WARN_UNUSED_FUNCTION = YES;
				GCC_WARN_UNUSED_VARIABLE = YES;
				IPHONEOS_DEPLOYMENT_TARGET = 14.3;
				MTL_ENABLE_DEBUG_INFO = INCLUDE_SOURCE;
				MTL_FAST_MATH = YES;
				ONLY_ACTIVE_ARCH = YES;
				SDKROOT = iphoneos;
				SWIFT_ACTIVE_COMPILATION_CONDITIONS = DEBUG;
				SWIFT_OPTIMIZATION_LEVEL = "-Onone";
			};
			name = Debug;
		};
		3B7C34E625933F8200AC0688 /* Release */ = {
			isa = XCBuildConfiguration;
			buildSettings = {
				ALWAYS_SEARCH_USER_PATHS = NO;
				CLANG_ANALYZER_NONNULL = YES;
				CLANG_ANALYZER_NUMBER_OBJECT_CONVERSION = YES_AGGRESSIVE;
				CLANG_CXX_LANGUAGE_STANDARD = "gnu++14";
				CLANG_CXX_LIBRARY = "libc++";
				CLANG_ENABLE_MODULES = YES;
				CLANG_ENABLE_OBJC_ARC = YES;
				CLANG_ENABLE_OBJC_WEAK = YES;
				CLANG_WARN_BLOCK_CAPTURE_AUTORELEASING = YES;
				CLANG_WARN_BOOL_CONVERSION = YES;
				CLANG_WARN_COMMA = YES;
				CLANG_WARN_CONSTANT_CONVERSION = YES;
				CLANG_WARN_DEPRECATED_OBJC_IMPLEMENTATIONS = YES;
				CLANG_WARN_DIRECT_OBJC_ISA_USAGE = YES_ERROR;
				CLANG_WARN_DOCUMENTATION_COMMENTS = YES;
				CLANG_WARN_EMPTY_BODY = YES;
				CLANG_WARN_ENUM_CONVERSION = YES;
				CLANG_WARN_INFINITE_RECURSION = YES;
				CLANG_WARN_INT_CONVERSION = YES;
				CLANG_WARN_NON_LITERAL_NULL_CONVERSION = YES;
				CLANG_WARN_OBJC_IMPLICIT_RETAIN_SELF = YES;
				CLANG_WARN_OBJC_LITERAL_CONVERSION = YES;
				CLANG_WARN_OBJC_ROOT_CLASS = YES_ERROR;
				CLANG_WARN_QUOTED_INCLUDE_IN_FRAMEWORK_HEADER = YES;
				CLANG_WARN_RANGE_LOOP_ANALYSIS = YES;
				CLANG_WARN_STRICT_PROTOTYPES = YES;
				CLANG_WARN_SUSPICIOUS_MOVE = YES;
				CLANG_WARN_UNGUARDED_AVAILABILITY = YES_AGGRESSIVE;
				CLANG_WARN_UNREACHABLE_CODE = YES;
				CLANG_WARN__DUPLICATE_METHOD_MATCH = YES;
				COPY_PHASE_STRIP = NO;
				DEBUG_INFORMATION_FORMAT = "dwarf-with-dsym";
				ENABLE_NS_ASSERTIONS = NO;
				ENABLE_STRICT_OBJC_MSGSEND = YES;
				GCC_C_LANGUAGE_STANDARD = gnu11;
				GCC_NO_COMMON_BLOCKS = YES;
				GCC_WARN_64_TO_32_BIT_CONVERSION = YES;
				GCC_WARN_ABOUT_RETURN_TYPE = YES_ERROR;
				GCC_WARN_UNDECLARED_SELECTOR = YES;
				GCC_WARN_UNINITIALIZED_AUTOS = YES_AGGRESSIVE;
				GCC_WARN_UNUSED_FUNCTION = YES;
				GCC_WARN_UNUSED_VARIABLE = YES;
				IPHONEOS_DEPLOYMENT_TARGET = 14.3;
				MTL_ENABLE_DEBUG_INFO = NO;
				MTL_FAST_MATH = YES;
				SDKROOT = iphoneos;
				SWIFT_COMPILATION_MODE = wholemodule;
				SWIFT_OPTIMIZATION_LEVEL = "-O";
				VALIDATE_PRODUCT = YES;
			};
			name = Release;
		};
		3B7C34E825933F8200AC0688 /* Debug */ = {
			isa = XCBuildConfiguration;
			buildSettings = {
				ASSETCATALOG_COMPILER_APPICON_NAME = AppIcon;
				ASSETCATALOG_COMPILER_GLOBAL_ACCENT_COLOR_NAME = AccentColor;
				CODE_SIGN_STYLE = Automatic;
				DEVELOPMENT_ASSET_PATHS = "\"Ride Matching for Interns/Preview Content\"";
				DEVELOPMENT_TEAM = 86G6Y5P4W2;
				ENABLE_PREVIEWS = YES;
				INFOPLIST_FILE = "Ride Matching for Interns/Info.plist";
				IPHONEOS_DEPLOYMENT_TARGET = 14.0;
				LD_RUNPATH_SEARCH_PATHS = (
					"$(inherited)",
					"@executable_path/Frameworks",
				);
				PRODUCT_BUNDLE_IDENTIFIER = "com.ezgihendrickx.Ride-Matching-for-Interns";
				PRODUCT_NAME = "$(TARGET_NAME)";
				SWIFT_VERSION = 5.0;
				TARGETED_DEVICE_FAMILY = "1,2";
			};
			name = Debug;
		};
		3B7C34E925933F8200AC0688 /* Release */ = {
			isa = XCBuildConfiguration;
			buildSettings = {
				ASSETCATALOG_COMPILER_APPICON_NAME = AppIcon;
				ASSETCATALOG_COMPILER_GLOBAL_ACCENT_COLOR_NAME = AccentColor;
				CODE_SIGN_STYLE = Automatic;
				DEVELOPMENT_ASSET_PATHS = "\"Ride Matching for Interns/Preview Content\"";
				DEVELOPMENT_TEAM = 86G6Y5P4W2;
				ENABLE_PREVIEWS = YES;
				INFOPLIST_FILE = "Ride Matching for Interns/Info.plist";
				IPHONEOS_DEPLOYMENT_TARGET = 14.0;
				LD_RUNPATH_SEARCH_PATHS = (
					"$(inherited)",
					"@executable_path/Frameworks",
				);
				PRODUCT_BUNDLE_IDENTIFIER = "com.ezgihendrickx.Ride-Matching-for-Interns";
				PRODUCT_NAME = "$(TARGET_NAME)";
				SWIFT_VERSION = 5.0;
				TARGETED_DEVICE_FAMILY = "1,2";
			};
			name = Release;
		};
/* End XCBuildConfiguration section */

/* Begin XCConfigurationList section */
		3B7C34D325933F7F00AC0688 /* Build configuration list for PBXProject "Ride Matching for Interns" */ = {
			isa = XCConfigurationList;
			buildConfigurations = (
				3B7C34E525933F8200AC0688 /* Debug */,
				3B7C34E625933F8200AC0688 /* Release */,
			);
			defaultConfigurationIsVisible = 0;
			defaultConfigurationName = Release;
		};
		3B7C34E725933F8200AC0688 /* Build configuration list for PBXNativeTarget "Ride Matching for Interns" */ = {
			isa = XCConfigurationList;
			buildConfigurations = (
				3B7C34E825933F8200AC0688 /* Debug */,
				3B7C34E925933F8200AC0688 /* Release */,
			);
			defaultConfigurationIsVisible = 0;
			defaultConfigurationName = Release;
		};
/* End XCConfigurationList section */
	};
	rootObject = 3B7C34D025933F7E00AC0688 /* Project object */;
}
